
Microsoft Visual Studio Solution File, Format Version 12.00
# Visual Studio Version 17
VisualStudioVersion = 17.14.36717.8
MinimumVisualStudioVersion = 10.0.40219.1
Project("{FAE04EC0-301F-11D3-BF4B-00C04F79EFBC}") = "WpfApp1", "WpfApp1.csproj", "{ACB4F8B3-19FA-4102-B727-D6A26DCA1777}"
EndProject
Project("{8BC9CEB8-8B4A-11D0-8D11-00A0C91BC942}") = "DllTest2", "DllTest2\DllTest2.vcxproj", "{39AD8327-9C9E-47AE-A5E7-53E3FB9092C7}"
EndProject
Global
	GlobalSection(SolutionConfigurationPlatforms) = preSolution
		Debug|Any CPU = Debug|Any CPU
		Release|Any CPU = Release|Any CPU
	EndGlobalSection
	GlobalSection(ProjectConfigurationPlatforms) = postSolution
		{ACB4F8B3-19FA-4102-B727-D6A26DCA1777}.Debug|Any CPU.ActiveCfg = Debug|Any CPU
		{ACB4F8B3-19FA-4102-B727-D6A26DCA1777}.Debug|Any CPU.Build.0 = Debug|Any CPU
		{ACB4F8B3-19FA-4102-B727-D6A26DCA1777}.Release|Any CPU.ActiveCfg = Release|Any CPU
		{ACB4F8B3-19FA-4102-B727-D6A26DCA1777}.Release|Any CPU.Build.0 = Release|Any CPU
		{39AD8327-9C9E-47AE-A5E7-53E3FB9092C7}.Debug|Any CPU.ActiveCfg = Debug|x64
		{39AD8327-9C9E-47AE-A5E7-53E3FB9092C7}.Debug|Any CPU.Build.0 = Debug|x64
		{39AD8327-9C9E-47AE-A5E7-53E3FB9092C7}.Release|Any CPU.ActiveCfg = Release|x64
		{39AD8327-9C9E-47AE-A5E7-53E3FB9092C7}.Release|Any CPU.Build.0 = Release|x64
	EndGlobalSection
	GlobalSection(SolutionProperties) = preSolution
		HideSolutionNode = FALSE
	EndGlobalSection
	GlobalSection(ExtensibilityGlobals) = postSolution
		SolutionGuid = {6D4B59B8-4681-4990-849F-230BA3B89A37}
	EndGlobalSection
EndGlobal
